
Microsoft Visual Studio Solution File, Format Version 12.00
# Visual Studio Version 16
VisualStudioVersion = 16.0.31112.23
MinimumVisualStudioVersion = 10.0.40219.1
Project("{FAE04EC0-301F-11D3-BF4B-00C04F79EFBC}") = "ConferenceApp", "ConferenceApp\ConferenceApp.csproj", "{57488DB4-A800-4EEB-9A8A-EF0AE19560C9}"
EndProject
Global
	GlobalSection(SolutionConfigurationPlatforms) = preSolution
		Debug|Any CPU = Debug|Any CPU
		Release|Any CPU = Release|Any CPU
	EndGlobalSection
	GlobalSection(ProjectConfigurationPlatforms) = postSolution
		{57488DB4-A800-4EEB-9A8A-EF0AE19560C9}.Debug|Any CPU.ActiveCfg = Debug|Any CPU
		{57488DB4-A800-4EEB-9A8A-EF0AE19560C9}.Debug|Any CPU.Build.0 = Debug|Any CPU
		{57488DB4-A800-4EEB-9A8A-EF0AE19560C9}.Release|Any CPU.ActiveCfg = Release|Any CPU
		{57488DB4-A800-4EEB-9A8A-EF0AE19560C9}.Release|Any CPU.Build.0 = Release|Any CPU
	EndGlobalSection
	GlobalSection(SolutionProperties) = preSolution
		HideSolutionNode = FALSE
	EndGlobalSection
	GlobalSection(ExtensibilityGlobals) = postSolution
		SolutionGuid = {FFECE28E-3D48-4804-B5E2-366347E5B0A4}
	EndGlobalSection
EndGlobal
